// !$*UTF8*$!
{
	archiveVersion = 1;
	classes = {
	};
	objectVersion = 55;
	objects = {

/* Begin PBXBuildFile section */
		BA04D2AC279C3CF000E5DC4F /* arinsideissApp.swift in Sources */ = {isa = PBXBuildFile; fileRef = BA04D2AB279C3CF000E5DC4F /* arinsideissApp.swift */; };
		BA04D2B0279C3CF100E5DC4F /* Assets.xcassets in Resources */ = {isa = PBXBuildFile; fileRef = BA04D2AF279C3CF100E5DC4F /* Assets.xcassets */; };
		BA04D2B3279C3CF100E5DC4F /* Preview Assets.xcassets in Resources */ = {isa = PBXBuildFile; fileRef = BA04D2B2279C3CF100E5DC4F /* Preview Assets.xcassets */; };
		BA04D2BA279C3DEB00E5DC4F /* ARSpaceView.swift in Sources */ = {isa = PBXBuildFile; fileRef = BA04D2B9279C3DEB00E5DC4F /* ARSpaceView.swift */; };
		BA04D2C7279CDE5800E5DC4F /* InsideISS.usdz in Resources */ = {isa = PBXBuildFile; fileRef = BA04D2C6279CDE5800E5DC4F /* InsideISS.usdz */; };
/* End PBXBuildFile section */

/* Begin PBXFileReference section */
		BA04D2A8279C3CF000E5DC4F /* AR Inside ISS.app */ = {isa = PBXFileReference; explicitFileType = wrapper.application; includeInIndex = 0; path = "AR Inside ISS.app"; sourceTree = BUILT_PRODUCTS_DIR; };
		BA04D2AB279C3CF000E5DC4F /* arinsideissApp.swift */ = {isa = PBXFileReference; lastKnownFileType = sourcecode.swift; path = arinsideissApp.swift; sourceTree = "<group>"; };
		BA04D2AF279C3CF100E5DC4F /* Assets.xcassets */ = {isa = PBXFileReference; lastKnownFileType = folder.assetcatalog; path = Assets.xcassets; sourceTree = "<group>"; };
		BA04D2B2279C3CF100E5DC4F /* Preview Assets.xcassets */ = {isa = PBXFileReference; lastKnownFileType = folder.assetcatalog; path = "Preview Assets.xcassets"; sourceTree = "<group>"; };
		BA04D2B9279C3DEB00E5DC4F /* ARSpaceView.swift */ = {isa = PBXFileReference; lastKnownFileType = sourcecode.swift; path = ARSpaceView.swift; sourceTree = "<group>"; };
		BA04D2C6279CDE5800E5DC4F /* InsideISS.usdz */ = {isa = PBXFileReference; lastKnownFileType = file.usdz; path = InsideISS.usdz; sourceTree = "<group>"; };
/* End PBXFileReference section */

/* Begin PBXFrameworksBuildPhase section */
		BA04D2A5279C3CF000E5DC4F /* Frameworks */ = {
			isa = PBXFrameworksBuildPhase;
			buildActionMask = 2147483647;
			files = (
			);
			runOnlyForDeploymentPostprocessing = 0;
		};
/* End PBXFrameworksBuildPhase section */

/* Begin PBXGroup section */
		BA04D29F279C3CF000E5DC4F = {
			isa = PBXGroup;
			children = (
				BA04D2AA279C3CF000E5DC4F /* arinsideiss */,
				BA04D2A9279C3CF000E5DC4F /* Products */,
			);
			sourceTree = "<group>";
		};
		BA04D2A9279C3CF000E5DC4F /* Products */ = {
			isa = PBXGroup;
			children = (
				BA04D2A8279C3CF000E5DC4F /* AR Inside ISS.app */,
			);
			name = Products;
			sourceTree = "<group>";
		};
		BA04D2AA279C3CF000E5DC4F /* arinsideiss */ = {
			isa = PBXGroup;
			children = (
				BA04D2BB279C3E3D00E5DC4F /* Assets */,
				BA04D2AB279C3CF000E5DC4F /* arinsideissApp.swift */,
				BA04D2B9279C3DEB00E5DC4F /* ARSpaceView.swift */,
				BA04D2AF279C3CF100E5DC4F /* Assets.xcassets */,
				BA04D2B1279C3CF100E5DC4F /* Preview Content */,
			);
			path = arinsideiss;
			sourceTree = "<group>";
		};
		BA04D2B1279C3CF100E5DC4F /* Preview Content */ = {
			isa = PBXGroup;
			children = (
				BA04D2B2279C3CF100E5DC4F /* Preview Assets.xcassets */,
			);
			path = "Preview Content";
			sourceTree = "<group>";
		};
		BA04D2BB279C3E3D00E5DC4F /* Assets */ = {
			isa = PBXGroup;
			children = (
				BA04D2C6279CDE5800E5DC4F /* InsideISS.usdz */,
			);
			path = Assets;
			sourceTree = "<group>";
		};
/* End PBXGroup section */

/* Begin PBXNativeTarget section */
		BA04D2A7279C3CF000E5DC4F /* arinsideiss */ = {
			isa = PBXNativeTarget;
			buildConfigurationList = BA04D2B6279C3CF100E5DC4F /* Build configuration list for PBXNativeTarget "arinsideiss" */;
			buildPhases = (
				BA04D2A4279C3CF000E5DC4F /* Sources */,
				BA04D2A5279C3CF000E5DC4F /* Frameworks */,
				BA04D2A6279C3CF000E5DC4F /* Resources */,
			);
			buildRules = (
			);
			dependencies = (
			);
			name = arinsideiss;
			productName = arinsideiss;
			productReference = BA04D2A8279C3CF000E5DC4F /* AR Inside ISS.app */;
			productType = "com.apple.product-type.application";
		};
/* End PBXNativeTarget section */

/* Begin PBXProject section */
		BA04D2A0279C3CF000E5DC4F /* Project object */ = {
			isa = PBXProject;
			attributes = {
				BuildIndependentTargetsInParallel = 1;
				LastSwiftUpdateCheck = 1320;
				LastUpgradeCheck = 1320;
				TargetAttributes = {
					BA04D2A7279C3CF000E5DC4F = {
						CreatedOnToolsVersion = 13.2.1;
					};
				};
			};
			buildConfigurationList = BA04D2A3279C3CF000E5DC4F /* Build configuration list for PBXProject "arinsideiss" */;
			compatibilityVersion = "Xcode 13.0";
			developmentRegion = en;
			hasScannedForEncodings = 0;
			knownRegions = (
				en,
				Base,
			);
			mainGroup = BA04D29F279C3CF000E5DC4F;
			productRefGroup = BA04D2A9279C3CF000E5DC4F /* Products */;
			projectDirPath = "";
			projectRoot = "";
			targets = (
				BA04D2A7279C3CF000E5DC4F /* arinsideiss */,
			);
		};
/* End PBXProject section */

/* Begin PBXResourcesBuildPhase section */
		BA04D2A6279C3CF000E5DC4F /* Resources */ = {
			isa = PBXResourcesBuildPhase;
			buildActionMask = 2147483647;
			files = (
				BA04D2B3279C3CF100E5DC4F /* Preview Assets.xcassets in Resources */,
				BA04D2B0279C3CF100E5DC4F /* Assets.xcassets in Resources */,
				BA04D2C7279CDE5800E5DC4F /* InsideISS.usdz in Resources */,
			);
			runOnlyForDeploymentPostprocessing = 0;
		};
/* End PBXResourcesBuildPhase section */

/* Begin PBXSourcesBuildPhase section */
		BA04D2A4279C3CF000E5DC4F /* Sources */ = {
			isa = PBXSourcesBuildPhase;
			buildActionMask = 2147483647;
			files = (
				BA04D2BA279C3DEB00E5DC4F /* ARSpaceView.swift in Sources */,
				BA04D2AC279C3CF000E5DC4F /* arinsideissApp.swift in Sources */,
			);
			runOnlyForDeploymentPostprocessing = 0;
		};
/* End PBXSourcesBuildPhase section */

/* Begin XCBuildConfiguration section */
		BA04D2B4279C3CF100E5DC4F /* Debug */ = {
			isa = XCBuildConfiguration;
			buildSettings = {
				ALWAYS_SEARCH_USER_PATHS = NO;
				CLANG_ANALYZER_NONNULL = YES;
				CLANG_ANALYZER_NUMBER_OBJECT_CONVERSION = YES_AGGRESSIVE;
				CLANG_CXX_LANGUAGE_STANDARD = "gnu++17";
				CLANG_CXX_LIBRARY = "libc++";
				CLANG_ENABLE_MODULES = YES;
				CLANG_ENABLE_OBJC_ARC = YES;
				CLANG_ENABLE_OBJC_WEAK = YES;
				CLANG_WARN_BLOCK_CAPTURE_AUTORELEASING = YES;
				CLANG_WARN_BOOL_CONVERSION = YES;
				CLANG_WARN_COMMA = YES;
				CLANG_WARN_CONSTANT_CONVERSION = YES;
				CLANG_WARN_DEPRECATED_OBJC_IMPLEMENTATIONS = YES;
				CLANG_WARN_DIRECT_OBJC_ISA_USAGE = YES_ERROR;
				CLANG_WARN_DOCUMENTATION_COMMENTS = YES;
				CLANG_WARN_EMPTY_BODY = YES;
				CLANG_WARN_ENUM_CONVERSION = YES;
				CLANG_WARN_INFINITE_RECURSION = YES;
				CLANG_WARN_INT_CONVERSION = YES;
				CLANG_WARN_NON_LITERAL_NULL_CONVERSION = YES;
				CLANG_WARN_OBJC_IMPLICIT_RETAIN_SELF = YES;
				CLANG_WARN_OBJC_LITERAL_CONVERSION = YES;
				CLANG_WARN_OBJC_ROOT_CLASS = YES_ERROR;
				CLANG_WARN_QUOTED_INCLUDE_IN_FRAMEWORK_HEADER = YES;
				CLANG_WARN_RANGE_LOOP_ANALYSIS = YES;
				CLANG_WARN_STRICT_PROTOTYPES = YES;
				CLANG_WARN_SUSPICIOUS_MOVE = YES;
				CLANG_WARN_UNGUARDED_AVAILABILITY = YES_AGGRESSIVE;
				CLANG_WARN_UNREACHABLE_CODE = YES;
				CLANG_WARN__DUPLICATE_METHOD_MATCH = YES;
				COPY_PHASE_STRIP = NO;
				DEBUG_INFORMATION_FORMAT = dwarf;
				ENABLE_STRICT_OBJC_MSGSEND = YES;
				ENABLE_TESTABILITY = YES;
				GCC_C_LANGUAGE_STANDARD = gnu11;
				GCC_DYNAMIC_NO_PIC = NO;
				GCC_NO_COMMON_BLOCKS = YES;
				GCC_OPTIMIZATION_LEVEL = 0;
				GCC_PREPROCESSOR_DEFINITIONS = (
					"DEBUG=1",
					"$(inherited)",
				);
				GCC_WARN_64_TO_32_BIT_CONVERSION = YES;
				GCC_WARN_ABOUT_RETURN_TYPE = YES_ERROR;
				GCC_WARN_UNDECLARED_SELECTOR = YES;
				GCC_WARN_UNINITIALIZED_AUTOS = YES_AGGRESSIVE;
				GCC_WARN_UNUSED_FUNCTION = YES;
				GCC_WARN_UNUSED_VARIABLE = YES;
				IPHONEOS_DEPLOYMENT_TARGET = 14.0;
				MTL_ENABLE_DEBUG_INFO = INCLUDE_SOURCE;
				MTL_FAST_MATH = YES;
				ONLY_ACTIVE_ARCH = YES;
				SDKROOT = iphoneos;
				SWIFT_ACTIVE_COMPILATION_CONDITIONS = DEBUG;
				SWIFT_OPTIMIZATION_LEVEL = "-Onone";
			};
			name = Debug;
		};
		BA04D2B5279C3CF100E5DC4F /* Release */ = {
			isa = XCBuildConfiguration;
			buildSettings = {
				ALWAYS_SEARCH_USER_PATHS = NO;
				CLANG_ANALYZER_NONNULL = YES;
				CLANG_ANALYZER_NUMBER_OBJECT_CONVERSION = YES_AGGRESSIVE;
				CLANG_CXX_LANGUAGE_STANDARD = "gnu++17";
				CLANG_CXX_LIBRARY = "libc++";
				CLANG_ENABLE_MODULES = YES;
				CLANG_ENABLE_OBJC_ARC = YES;
				CLANG_ENABLE_OBJC_WEAK = YES;
				CLANG_WARN_BLOCK_CAPTURE_AUTORELEASING = YES;
				CLANG_WARN_BOOL_CONVERSION = YES;
				CLANG_WARN_COMMA = YES;
				CLANG_WARN_CONSTANT_CONVERSION = YES;
				CLANG_WARN_DEPRECATED_OBJC_IMPLEMENTATIONS = YES;
				CLANG_WARN_DIRECT_OBJC_ISA_USAGE = YES_ERROR;
				CLANG_WARN_DOCUMENTATION_COMMENTS = YES;
				CLANG_WARN_EMPTY_BODY = YES;
				CLANG_WARN_ENUM_CONVERSION = YES;
				CLANG_WARN_INFINITE_RECURSION = YES;
				CLANG_WARN_INT_CONVERSION = YES;
				CLANG_WARN_NON_LITERAL_NULL_CONVERSION = YES;
				CLANG_WARN_OBJC_IMPLICIT_RETAIN_SELF = YES;
				CLANG_WARN_OBJC_LITERAL_CONVERSION = YES;
				CLANG_WARN_OBJC_ROOT_CLASS = YES_ERROR;
				CLANG_WARN_QUOTED_INCLUDE_IN_FRAMEWORK_HEADER = YES;
				CLANG_WARN_RANGE_LOOP_ANALYSIS = YES;
				CLANG_WARN_STRICT_PROTOTYPES = YES;
				CLANG_WARN_SUSPICIOUS_MOVE = YES;
				CLANG_WARN_UNGUARDED_AVAILABILITY = YES_AGGRESSIVE;
				CLANG_WARN_UNREACHABLE_CODE = YES;
				CLANG_WARN__DUPLICATE_METHOD_MATCH = YES;
				COPY_PHASE_STRIP = NO;
				DEBUG_INFORMATION_FORMAT = "dwarf-with-dsym";
				ENABLE_NS_ASSERTIONS = NO;
				ENABLE_STRICT_OBJC_MSGSEND = YES;
				GCC_C_LANGUAGE_STANDARD = gnu11;
				GCC_NO_COMMON_BLOCKS = YES;
				GCC_WARN_64_TO_32_BIT_CONVERSION = YES;
				GCC_WARN_ABOUT_RETURN_TYPE = YES_ERROR;
				GCC_WARN_UNDECLARED_SELECTOR = YES;
				GCC_WARN_UNINITIALIZED_AUTOS = YES_AGGRESSIVE;
				GCC_WARN_UNUSED_FUNCTION = YES;
				GCC_WARN_UNUSED_VARIABLE = YES;
				IPHONEOS_DEPLOYMENT_TARGET = 14.0;
				MTL_ENABLE_DEBUG_INFO = NO;
				MTL_FAST_MATH = YES;
				SDKROOT = iphoneos;
				SWIFT_COMPILATION_MODE = wholemodule;
				SWIFT_OPTIMIZATION_LEVEL = "-O";
				VALIDATE_PRODUCT = YES;
			};
			name = Release;
		};
		BA04D2B7279C3CF100E5DC4F /* Debug */ = {
			isa = XCBuildConfiguration;
			buildSettings = {
				ASSETCATALOG_COMPILER_APPICON_NAME = AppIcon;
				ASSETCATALOG_COMPILER_GLOBAL_ACCENT_COLOR_NAME = AccentColor;
				CODE_SIGN_STYLE = Automatic;
				CURRENT_PROJECT_VERSION = 1;
				DEVELOPMENT_ASSET_PATHS = "\"arinsideiss/Preview Content\"";
				DEVELOPMENT_TEAM = J5CY9Q9UP5;
				ENABLE_PREVIEWS = YES;
				GENERATE_INFOPLIST_FILE = YES;
				INFOPLIST_KEY_NSCameraUsageDescription = "AR requires a camera.";
				INFOPLIST_KEY_UIApplicationSceneManifest_Generation = YES;
				INFOPLIST_KEY_UIApplicationSupportsIndirectInputEvents = YES;
				INFOPLIST_KEY_UILaunchScreen_Generation = YES;
				INFOPLIST_KEY_UISupportedInterfaceOrientations_iPad = "UIInterfaceOrientationPortrait UIInterfaceOrientationPortraitUpsideDown UIInterfaceOrientationLandscapeLeft UIInterfaceOrientationLandscapeRight";
				INFOPLIST_KEY_UISupportedInterfaceOrientations_iPhone = "UIInterfaceOrientationPortrait UIInterfaceOrientationLandscapeLeft UIInterfaceOrientationLandscapeRight";
				LD_RUNPATH_SEARCH_PATHS = (
					"$(inherited)",
					"@executable_path/Frameworks",
				);
				MARKETING_VERSION = 1.0;
				PRODUCT_BUNDLE_IDENTIFIER = com.atarayosd.arinsideiss;
				PRODUCT_NAME = "AR Inside ISS";
				SWIFT_EMIT_LOC_STRINGS = YES;
				SWIFT_VERSION = 5.0;
				TARGETED_DEVICE_FAMILY = "1,2";
			};
			name = Debug;
		};
		BA04D2B8279C3CF100E5DC4F /* Release */ = {
			isa = XCBuildConfiguration;
			buildSettings = {
				ASSETCATALOG_COMPILER_APPICON_NAME = AppIcon;
				ASSETCATALOG_COMPILER_GLOBAL_ACCENT_COLOR_NAME = AccentColor;
				CODE_SIGN_STYLE = Automatic;
				CURRENT_PROJECT_VERSION = 1;
				DEVELOPMENT_ASSET_PATHS = "\"arinsideiss/Preview Content\"";
				DEVELOPMENT_TEAM = J5CY9Q9UP5;
				ENABLE_PREVIEWS = YES;
				GENERATE_INFOPLIST_FILE = YES;
				INFOPLIST_KEY_NSCameraUsageDescription = "AR requires a camera.";
				INFOPLIST_KEY_UIApplicationSceneManifest_Generation = YES;
				INFOPLIST_KEY_UIApplicationSupportsIndirectInputEvents = YES;
				INFOPLIST_KEY_UILaunchScreen_Generation = YES;
				INFOPLIST_KEY_UISupportedInterfaceOrientations_iPad = "UIInterfaceOrientationPortrait UIInterfaceOrientationPortraitUpsideDown UIInterfaceOrientationLandscapeLeft UIInterfaceOrientationLandscapeRight";
				INFOPLIST_KEY_UISupportedInterfaceOrientations_iPhone = "UIInterfaceOrientationPortrait UIInterfaceOrientationLandscapeLeft UIInterfaceOrientationLandscapeRight";
				LD_RUNPATH_SEARCH_PATHS = (
					"$(inherited)",
					"@executable_path/Frameworks",
				);
				MARKETING_VERSION = 1.0;
				PRODUCT_BUNDLE_IDENTIFIER = com.atarayosd.arinsideiss;
				PRODUCT_NAME = "AR Inside ISS";
				SWIFT_EMIT_LOC_STRINGS = YES;
				SWIFT_VERSION = 5.0;
				TARGETED_DEVICE_FAMILY = "1,2";
			};
			name = Release;
		};
/* End XCBuildConfiguration section */

/* Begin XCConfigurationList section */
		BA04D2A3279C3CF000E5DC4F /* Build configuration list for PBXProject "arinsideiss" */ = {
			isa = XCConfigurationList;
			buildConfigurations = (
				BA04D2B4279C3CF100E5DC4F /* Debug */,
				BA04D2B5279C3CF100E5DC4F /* Release */,
			);
			defaultConfigurationIsVisible = 0;
			defaultConfigurationName = Release;
		};
		BA04D2B6279C3CF100E5DC4F /* Build configuration list for PBXNativeTarget "arinsideiss" */ = {
			isa = XCConfigurationList;
			buildConfigurations = (
				BA04D2B7279C3CF100E5DC4F /* Debug */,
				BA04D2B8279C3CF100E5DC4F /* Release */,
			);
			defaultConfigurationIsVisible = 0;
			defaultConfigurationName = Release;
		};
/* End XCConfigurationList section */
	};
	rootObject = BA04D2A0279C3CF000E5DC4F /* Project object */;
}
